
Microsoft Visual Studio Solution File, Format Version 12.00
# Visual Studio Version 16
VisualStudioVersion = 16.0.31005.135
MinimumVisualStudioVersion = 10.0.40219.1
Project("{FAE04EC0-301F-11D3-BF4B-00C04F79EFBC}") = "bankaccount", "bankaccount\bankaccount.csproj", "{61064BEF-4321-436A-89FF-002AA90CF047}"
EndProject
Global
	GlobalSection(SolutionConfigurationPlatforms) = preSolution
		Debug|Any CPU = Debug|Any CPU
		Release|Any CPU = Release|Any CPU
	EndGlobalSection
	GlobalSection(ProjectConfigurationPlatforms) = postSolution
		{61064BEF-4321-436A-89FF-002AA90CF047}.Debug|Any CPU.ActiveCfg = Debug|Any CPU
		{61064BEF-4321-436A-89FF-002AA90CF047}.Debug|Any CPU.Build.0 = Debug|Any CPU
		{61064BEF-4321-436A-89FF-002AA90CF047}.Release|Any CPU.ActiveCfg = Release|Any CPU
		{61064BEF-4321-436A-89FF-002AA90CF047}.Release|Any CPU.Build.0 = Release|Any CPU
	EndGlobalSection
	GlobalSection(SolutionProperties) = preSolution
		HideSolutionNode = FALSE
	EndGlobalSection
	GlobalSection(ExtensibilityGlobals) = postSolution
		SolutionGuid = {4BC66123-71A5-4B43-A40A-A06D36E0E9CD}
	EndGlobalSection
EndGlobal
