
Microsoft Visual Studio Solution File, Format Version 12.00
# Visual Studio Version 16
VisualStudioVersion = 16.0.31005.135
MinimumVisualStudioVersion = 10.0.40219.1
Project("{FAE04EC0-301F-11D3-BF4B-00C04F79EFBC}") = "Association", "Association\Association.csproj", "{47D70083-522D-470C-9D59-C15BF2BF0F03}"
EndProject
Global
	GlobalSection(SolutionConfigurationPlatforms) = preSolution
		Debug|Any CPU = Debug|Any CPU
		Release|Any CPU = Release|Any CPU
	EndGlobalSection
	GlobalSection(ProjectConfigurationPlatforms) = postSolution
		{47D70083-522D-470C-9D59-C15BF2BF0F03}.Debug|Any CPU.ActiveCfg = Debug|Any CPU
		{47D70083-522D-470C-9D59-C15BF2BF0F03}.Debug|Any CPU.Build.0 = Debug|Any CPU
		{47D70083-522D-470C-9D59-C15BF2BF0F03}.Release|Any CPU.ActiveCfg = Release|Any CPU
		{47D70083-522D-470C-9D59-C15BF2BF0F03}.Release|Any CPU.Build.0 = Release|Any CPU
	EndGlobalSection
	GlobalSection(SolutionProperties) = preSolution
		HideSolutionNode = FALSE
	EndGlobalSection
	GlobalSection(ExtensibilityGlobals) = postSolution
		SolutionGuid = {CD27DF27-2C34-444E-8483-5B4A2276821A}
	EndGlobalSection
EndGlobal
